
Microsoft Visual Studio Solution File, Format Version 12.00
# Visual Studio Version 16
VisualStudioVersion = 16.0.29509.3
MinimumVisualStudioVersion = 10.0.40219.1
Project("{9A19103F-16F7-4668-BE54-9A1E7A4F7556}") = "DatingApp.API", "DatingApp.API.csproj", "{64DBE4EA-7FB3-4791-9714-05559C31A0FB}"
EndProject
Global
	GlobalSection(SolutionConfigurationPlatforms) = preSolution
		Debug|Any CPU = Debug|Any CPU
		Release|Any CPU = Release|Any CPU
	EndGlobalSection
	GlobalSection(ProjectConfigurationPlatforms) = postSolution
		{64DBE4EA-7FB3-4791-9714-05559C31A0FB}.Debug|Any CPU.ActiveCfg = Debug|Any CPU
		{64DBE4EA-7FB3-4791-9714-05559C31A0FB}.Debug|Any CPU.Build.0 = Debug|Any CPU
		{64DBE4EA-7FB3-4791-9714-05559C31A0FB}.Release|Any CPU.ActiveCfg = Release|Any CPU
		{64DBE4EA-7FB3-4791-9714-05559C31A0FB}.Release|Any CPU.Build.0 = Release|Any CPU
	EndGlobalSection
	GlobalSection(SolutionProperties) = preSolution
		HideSolutionNode = FALSE
	EndGlobalSection
	GlobalSection(ExtensibilityGlobals) = postSolution
		SolutionGuid = {8655F3F0-2AA5-46F3-A1A5-2642E8902471}
	EndGlobalSection
EndGlobal
